<?xml version="1.0" encoding="utf-8"?>
<Project ToolsVersion="4.0" xmlns="http://schemas.microsoft.com/developer/msbuild/2003">
  <ItemGroup>
    <Filter Include="Resource Files">
      <UniqueIdentifier>{67DA6AB6-F800-4c08-8B7A-83BB121AAD01}</UniqueIdentifier>
      <Extensions>rc;ico;cur;bmp;dlg;rc2;rct;bin;rgs;gif;jpg;jpeg;jpe;resx;tiff;tif;png;wav;mfcribbon-ms</Extensions>
    </Filter>
    <Filter Include="Source">
      <UniqueIdentifier>{e1d968d5-dc71-40b9-93fa-31fac724d9d4}</UniqueIdentifier>
    </Filter>
    <Filter Include="Source\Source Files">
    <Filter Include="Source\Header Files">
    <Filter Include="Tests">
      <UniqueIdentifier>{4337df8d-8034-4422-8cb7-5d257766ea99}</UniqueIdentifier>
  </ItemGroup>
  <ItemGroup>
    <None Include=".clang-format" />
  </ItemGroup>
  <ItemGroup>
    <ClCompile Include="src\Board.cpp">
      <Filter>Source\Source Files</Filter>
    <ClInclude Include="Converter.h" />
    <ClCompile Include="src\Evaluation.cpp">
      <Filter>Source\Source Files</Filter>
    <ClCompile Include="src\MoveGeneration.cpp">
      <Filter>Source\Source Files</Filter>
    <ClCompile Include="src\UCI.cpp">
      <Filter>Source\Source Files</Filter>
    <ClCompile Include="src\main.cpp">
      <Filter>Source\Source Files</Filter>
  </ItemGroup>
  <ItemGroup>
    <ClInclude Include="src\Board.h">
      <Filter>Source\Header Files</Filter>
    <ClInclude Include="src\Evaluation.h">
      <Filter>Source\Header Files</Filter>
    <ClInclude Include="src\MoveGeneration.h">
      <Filter>Source\Header Files</Filter>
    <ClInclude Include="src\UCI.h">
      <Filter>Source\Header Files</Filter>
  </ItemGroup>
</Project>